{
  "nodes": {
    "flake-utils": {
      "locked": {
        "lastModified": 1667395993,
        "narHash": "sha256-nuEHfE/LcWyuSWnS8t12N1wc105Qtau+/OdUAjtQ0rA=",
        "owner": "numtide",
        "repo": "flake-utils",
        "rev": "5aed5285a952e0b949eb3ba02c12fa4fcfef535f",
        "type": "github"
      },
      "original": {
        "owner": "numtide",
        "repo": "flake-utils",
        "type": "github"
      }
    },
    "nixpkgs": {
      "locked": {
        "lastModified": 1667301035,
        "narHash": "sha256-o8sbiXh7vcIHgpAe/WdU5f7Kq/s3BD0ccyNSVAy7oKk=",
        "owner": "NixOS",
        "repo": "nixpkgs",
        "rev": "adf91a16c0354ba34f27c00c8ed3f4c73f2fd4d5",
        "type": "github"
      },
      "original": {
        "owner": "NixOS",
        "ref": "nixos-unstable-small",
        "repo": "nixpkgs",
        "type": "github"
      }
    },
    "pre-commit-hooks": {
      "inputs": {
        "flake-utils": [
          "flake-utils"
        ],
        "nixpkgs": [
          "nixpkgs"
        ]
      },
      "locked": {
        "lastModified": 1667390517,
        "narHash": "sha256-VHjuxX5b4ZAX2a3lNRFEYxr5XcA62XUObF9NkQm0WxU=",
        "owner": "cachix",
        "repo": "pre-commit-hooks.nix",
        "rev": "8e5d2ccca05e1d40226d5f2b3cf9e30e7b467325",
        "type": "github"
      },
      "original": {
        "owner": "cachix",
        "repo": "pre-commit-hooks.nix",
        "type": "github"
      }
    },
    "root": {
      "inputs": {
        "flake-utils": "flake-utils",
        "nixpkgs": "nixpkgs",
        "pre-commit-hooks": "pre-commit-hooks"
      }
    }
  },
  "root": "root",
  "version": 7
}
